lockfileVersion: '9.0'

settings:
  autoInstallPeers: true
  excludeLinksFromLockfile: false

importers:

  .:
    dependencies:
      '@bufbuild/protobuf':
        specifier: ^2.10.2
        version: 2.10.2
      '@connectrpc/connect':
        specifier: ^2.1.1
        version: 2.1.1(@bufbuild/protobuf@2.10.2)
      '@connectrpc/connect-web':
        specifier: ^2.1.1
        version: 2.1.1(@bufbuild/protobuf@2.10.2)(@connectrpc/connect@2.1.1(@bufbuild/protobuf@2.10.2))

packages:

  '@bufbuild/protobuf@2.10.2':
    resolution: {integrity: sha512-uFsRXwIGyu+r6AMdz+XijIIZJYpoWeYzILt5yZ2d3mCjQrWUTVpVD9WL/jZAbvp+Ed04rOhrsk7FiTcEDseB5A==}

  '@connectrpc/connect-web@2.1.1':
    resolution: {integrity: sha512-J8317Q2MaFRCT1jzVR1o06bZhDIBmU0UAzWx6xOIXzOq8+k71/+k7MUF7AwcBUX+34WIvbm5syRgC5HXQA8fOg==}
    peerDependencies:
      '@bufbuild/protobuf': ^2.7.0
      '@connectrpc/connect': 2.1.1

  '@connectrpc/connect@2.1.1':
    resolution: {integrity: sha512-JzhkaTvM73m2K1URT6tv53k2RwngSmCXLZJgK580qNQOXRzZRR/BCMfZw3h+90JpnG6XksP5bYT+cz0rpUzUWQ==}
    peerDependencies:
      '@bufbuild/protobuf': ^2.7.0

snapshots:

  '@bufbuild/protobuf@2.10.2': {}

  '@connectrpc/connect-web@2.1.1(@bufbuild/protobuf@2.10.2)(@connectrpc/connect@2.1.1(@bufbuild/protobuf@2.10.2))':
    dependencies:
      '@bufbuild/protobuf': 2.10.2
      '@connectrpc/connect': 2.1.1(@bufbuild/protobuf@2.10.2)

  '@connectrpc/connect@2.1.1(@bufbuild/protobuf@2.10.2)':
    dependencies:
      '@bufbuild/protobuf': 2.10.2
